{
  "name": "backend-project",
  "version": "1.0.0",
  "lockfileVersion": 2,
  "requires": true,
  "main": "server.js",
  "scripts": {
    "start": "nodemon server.js",
    "test": "echo \"Error: no test specified\" && exit 1"
  },
  "keywords": [],
  "author": "",
  "license": "ISC",
  "dependencies": {
    "express": "^4.18.1"
  }
}
